
Microsoft Visual Studio Solution File, Format Version 12.00
# Visual Studio Version 17
VisualStudioVersion = 17.11.35303.130
MinimumVisualStudioVersion = 10.0.40219.1
Project("{FAE04EC0-301F-11D3-BF4B-00C04F79EFBC}") = "ProjetoSwitch3", "ProjetoSwitch3\ProjetoSwitch3.csproj", "{72BD72A9-9197-40FA-ACB5-E63C8F55EC98}"
EndProject
Global
	GlobalSection(SolutionConfigurationPlatforms) = preSolution
		Debug|Any CPU = Debug|Any CPU
		Release|Any CPU = Release|Any CPU
	EndGlobalSection
	GlobalSection(ProjectConfigurationPlatforms) = postSolution
		{72BD72A9-9197-40FA-ACB5-E63C8F55EC98}.Debug|Any CPU.ActiveCfg = Debug|Any CPU
		{72BD72A9-9197-40FA-ACB5-E63C8F55EC98}.Debug|Any CPU.Build.0 = Debug|Any CPU
		{72BD72A9-9197-40FA-ACB5-E63C8F55EC98}.Release|Any CPU.ActiveCfg = Release|Any CPU
		{72BD72A9-9197-40FA-ACB5-E63C8F55EC98}.Release|Any CPU.Build.0 = Release|Any CPU
	EndGlobalSection
	GlobalSection(SolutionProperties) = preSolution
		HideSolutionNode = FALSE
	EndGlobalSection
	GlobalSection(ExtensibilityGlobals) = postSolution
		SolutionGuid = {EB97A68C-475C-425B-8AFD-68573903F40D}
	EndGlobalSection
EndGlobal
